PODS:
  - Alamofire (4.0.0)
  - Bolts (1.8.4):
    - Bolts/AppLinks (= 1.8.4)
    - Bolts/Tasks (= 1.8.4)
  - Bolts/AppLinks (1.8.4):
    - Bolts/Tasks
  - Bolts/Tasks (1.8.4)
  - Charts (2.2.5):
    - Charts/Core (= 2.2.5)
  - Charts/Core (2.2.5)
  - FBSDKCoreKit (4.15.1):
    - Bolts (~> 1.7)
  - FBSDKLoginKit (4.15.1):
    - FBSDKCoreKit
  - FBSDKShareKit (4.15.1):
    - FBSDKCoreKit
  - Stripe (8.0.7)
  - SwiftyJSON (2.3.2)

DEPENDENCIES:
  - Alamofire (from `https://github.com/Alamofire/Alamofire.git`)
  - Charts (from `https://github.com/danielgindi/Charts.git`, branch `Chart2.2.5-Swift3.0`)
  - FBSDKCoreKit
  - FBSDKLoginKit
  - FBSDKShareKit
  - Stripe
  - SwiftyJSON (from `https://github.com/BaiduHiDeviOS/SwiftyJSON.git`, branch `swift3`)

EXTERNAL SOURCES:
  Alamofire:
    :git: https://github.com/Alamofire/Alamofire.git
  Charts:
    :branch: Chart2.2.5-Swift3.0
    :git: https://github.com/danielgindi/Charts.git
  SwiftyJSON:
    :branch: swift3
    :git: https://github.com/BaiduHiDeviOS/SwiftyJSON.git

CHECKOUT OPTIONS:
  Alamofire:
    :commit: d59ed4f611a447c98881be24764b130e3f7d24bd
    :git: https://github.com/Alamofire/Alamofire.git
  Charts:
    :commit: ab3bb619df2c2d165b41736b6bc25a4218833252
    :git: https://github.com/danielgindi/Charts.git
  SwiftyJSON:
    :commit: de5dc3b1b421805769590d331178551bbb0e5733
    :git: https://github.com/BaiduHiDeviOS/SwiftyJSON.git

SPEC CHECKSUMS:
  Alamofire: fef59f00388f267e52d9b432aa5d93dc97190f14
  Bolts: 8a7995239dbe724f9cba2248b766d48b7ebdd322
  Charts: b48fcc8d7190de910ff9e9748f5360c8ea7856e5
  FBSDKCoreKit: fc7fa53d16b095ee3fd53f0cd59f1df8bcbb634d
  FBSDKLoginKit: 073f79b3b2e762fc6f54a283fe15f45372d59f5f
  FBSDKShareKit: 11cbb5a4d7b5fda8143cc95b76188147e6725736
  Stripe: 2bb9646115745d0ee8c7799e6872c57ba5dc6cc5
  SwiftyJSON: 6118fb49d7519c4d31a0c1f3d5af936e9047b556

PODFILE CHECKSUM: 03c4e56d2fcee9cabfd9ab369ddd88b7b940f3a1

COCOAPODS: 1.0.1
